
Microsoft Visual Studio Solution File, Format Version 12.00
# Visual Studio 15
Project("{FAE04EC0-301F-11D3-BF4B-00C04F79EFBC}") = "Assembly-CSharp", "Assembly-CSharp.csproj", "{446FF542-B504-6F40-48E3-AC9BD9DB74EA}"
EndProject
Project("{FAE04EC0-301F-11D3-BF4B-00C04F79EFBC}") = "Assembly-CSharp-Editor", "Assembly-CSharp-Editor.csproj", "{1CC67DF4-E83C-6527-2740-795986F39A60}"
EndProject
Global
	GlobalSection(SolutionConfigurationPlatforms) = preSolution
		Debug|Any CPU = Debug|Any CPU
		Release|Any CPU = Release|Any CPU
	EndGlobalSection
	GlobalSection(ProjectConfigurationPlatforms) = postSolution
		{446FF542-B504-6F40-48E3-AC9BD9DB74EA}.Debug|Any CPU.ActiveCfg = Debug|Any CPU
		{446FF542-B504-6F40-48E3-AC9BD9DB74EA}.Debug|Any CPU.Build.0 = Debug|Any CPU
		{446FF542-B504-6F40-48E3-AC9BD9DB74EA}.Release|Any CPU.ActiveCfg = Release|Any CPU
		{446FF542-B504-6F40-48E3-AC9BD9DB74EA}.Release|Any CPU.Build.0 = Release|Any CPU
		{1CC67DF4-E83C-6527-2740-795986F39A60}.Debug|Any CPU.ActiveCfg = Debug|Any CPU
		{1CC67DF4-E83C-6527-2740-795986F39A60}.Debug|Any CPU.Build.0 = Debug|Any CPU
		{1CC67DF4-E83C-6527-2740-795986F39A60}.Release|Any CPU.ActiveCfg = Release|Any CPU
		{1CC67DF4-E83C-6527-2740-795986F39A60}.Release|Any CPU.Build.0 = Release|Any CPU
	EndGlobalSection
	GlobalSection(SolutionProperties) = preSolution
		HideSolutionNode = FALSE
	EndGlobalSection
EndGlobal
